
Microsoft Visual Studio Solution File, Format Version 12.00
# Visual Studio 2013
VisualStudioVersion = 12.0.21005.1
MinimumVisualStudioVersion = 10.0.40219.1
Project("{FAE04EC0-301F-11D3-BF4B-00C04F79EFBC}") = "TheWork", "TheWork\TheWork.csproj", "{5BC469AF-13F9-4BE3-B7C8-D1B0259E6611}"
EndProject
Project("{FAE04EC0-301F-11D3-BF4B-00C04F79EFBC}") = "DataModel", "DataModel\DataModel.csproj", "{ABA57731-8AAE-44D8-B356-18316F0536E5}"
EndProject
Project("{FAE04EC0-301F-11D3-BF4B-00C04F79EFBC}") = "BusinessEntities", "BusinessEntities\BusinessEntities.csproj", "{B17EE557-823E-4C2F-A4F1-4A6573D43767}"
EndProject
Project("{FAE04EC0-301F-11D3-BF4B-00C04F79EFBC}") = "BusinessServices", "BusinessServices\BusinessServices.csproj", "{683DA1B7-AF3A-4F18-801D-E8BA3A3E88EE}"
EndProject
Project("{FAE04EC0-301F-11D3-BF4B-00C04F79EFBC}") = "Resolver", "Resolver\Resolver.csproj", "{51BA6684-5C5D-4F49-973A-702405297DAE}"
EndProject
Project("{FAE04EC0-301F-11D3-BF4B-00C04F79EFBC}") = "BusinessServices.Test", "BusinessServices.Test\BusinessServices.Test.csproj", "{26D90B86-A65A-4B7A-BB8D-601D49E73653}"
EndProject
Project("{FAE04EC0-301F-11D3-BF4B-00C04F79EFBC}") = "Helper.Test", "Helper.Test\Helper.Test.csproj", "{D851FE37-493D-48D6-8F70-F910B9F8D688}"
EndProject
Global
	GlobalSection(SolutionConfigurationPlatforms) = preSolution
		Debug|Any CPU = Debug|Any CPU
		Release|Any CPU = Release|Any CPU
	EndGlobalSection
	GlobalSection(ProjectConfigurationPlatforms) = postSolution
		{5BC469AF-13F9-4BE3-B7C8-D1B0259E6611}.Debug|Any CPU.ActiveCfg = Debug|Any CPU
		{5BC469AF-13F9-4BE3-B7C8-D1B0259E6611}.Debug|Any CPU.Build.0 = Debug|Any CPU
		{5BC469AF-13F9-4BE3-B7C8-D1B0259E6611}.Release|Any CPU.ActiveCfg = Release|Any CPU
		{5BC469AF-13F9-4BE3-B7C8-D1B0259E6611}.Release|Any CPU.Build.0 = Release|Any CPU
		{ABA57731-8AAE-44D8-B356-18316F0536E5}.Debug|Any CPU.ActiveCfg = Debug|Any CPU
		{ABA57731-8AAE-44D8-B356-18316F0536E5}.Debug|Any CPU.Build.0 = Debug|Any CPU
		{ABA57731-8AAE-44D8-B356-18316F0536E5}.Release|Any CPU.ActiveCfg = Release|Any CPU
		{ABA57731-8AAE-44D8-B356-18316F0536E5}.Release|Any CPU.Build.0 = Release|Any CPU
		{B17EE557-823E-4C2F-A4F1-4A6573D43767}.Debug|Any CPU.ActiveCfg = Debug|Any CPU
		{B17EE557-823E-4C2F-A4F1-4A6573D43767}.Debug|Any CPU.Build.0 = Debug|Any CPU
		{B17EE557-823E-4C2F-A4F1-4A6573D43767}.Release|Any CPU.ActiveCfg = Release|Any CPU
		{B17EE557-823E-4C2F-A4F1-4A6573D43767}.Release|Any CPU.Build.0 = Release|Any CPU
		{683DA1B7-AF3A-4F18-801D-E8BA3A3E88EE}.Debug|Any CPU.ActiveCfg = Debug|Any CPU
		{683DA1B7-AF3A-4F18-801D-E8BA3A3E88EE}.Debug|Any CPU.Build.0 = Debug|Any CPU
		{683DA1B7-AF3A-4F18-801D-E8BA3A3E88EE}.Release|Any CPU.ActiveCfg = Release|Any CPU
		{683DA1B7-AF3A-4F18-801D-E8BA3A3E88EE}.Release|Any CPU.Build.0 = Release|Any CPU
		{51BA6684-5C5D-4F49-973A-702405297DAE}.Debug|Any CPU.ActiveCfg = Debug|Any CPU
		{51BA6684-5C5D-4F49-973A-702405297DAE}.Debug|Any CPU.Build.0 = Debug|Any CPU
		{51BA6684-5C5D-4F49-973A-702405297DAE}.Release|Any CPU.ActiveCfg = Release|Any CPU
		{51BA6684-5C5D-4F49-973A-702405297DAE}.Release|Any CPU.Build.0 = Release|Any CPU
		{26D90B86-A65A-4B7A-BB8D-601D49E73653}.Debug|Any CPU.ActiveCfg = Debug|Any CPU
		{26D90B86-A65A-4B7A-BB8D-601D49E73653}.Debug|Any CPU.Build.0 = Debug|Any CPU
		{26D90B86-A65A-4B7A-BB8D-601D49E73653}.Release|Any CPU.ActiveCfg = Release|Any CPU
		{26D90B86-A65A-4B7A-BB8D-601D49E73653}.Release|Any CPU.Build.0 = Release|Any CPU
		{D851FE37-493D-48D6-8F70-F910B9F8D688}.Debug|Any CPU.ActiveCfg = Debug|Any CPU
		{D851FE37-493D-48D6-8F70-F910B9F8D688}.Debug|Any CPU.Build.0 = Debug|Any CPU
		{D851FE37-493D-48D6-8F70-F910B9F8D688}.Release|Any CPU.ActiveCfg = Release|Any CPU
		{D851FE37-493D-48D6-8F70-F910B9F8D688}.Release|Any CPU.Build.0 = Release|Any CPU
	EndGlobalSection
	GlobalSection(SolutionProperties) = preSolution
		HideSolutionNode = FALSE
	EndGlobalSection
EndGlobal
